// !$*UTF8*$!
{
	archiveVersion = 1;
	classes = {
	};
	objectVersion = 55;
	objects = {

/* Begin PBXBuildFile section */
		5CA0AF6B8A372CC5661A1392 /* Pods_G_StreamTests.framework in Frameworks */ = {isa = PBXBuildFile; fileRef = 7FAE7D6C9ECB712051DACAC9 /* Pods_G_StreamTests.framework */; };
		89855AA55ED004FE64B95E95 /* Pods_G_Stream_G_StreamUITests.framework in Frameworks */ = {isa = PBXBuildFile; fileRef = 8C302B27DB79312A68A304AA /* Pods_G_Stream_G_StreamUITests.framework */; };
		8BC25AFBF51A42E81751A51F /* Pods_G_Stream.framework in Frameworks */ = {isa = PBXBuildFile; fileRef = 27444AF3C351EF45BD8EE4C5 /* Pods_G_Stream.framework */; };
		CE1120D028928CA70046619D /* AppDelegate.swift in Sources */ = {isa = PBXBuildFile; fileRef = CE1120CF28928CA70046619D /* AppDelegate.swift */; };
		CE1120D228928CA70046619D /* SceneDelegate.swift in Sources */ = {isa = PBXBuildFile; fileRef = CE1120D128928CA70046619D /* SceneDelegate.swift */; };
		CE1120D428928CA70046619D /* AGHardwallModule.swift in Sources */ = {isa = PBXBuildFile; fileRef = CE1120D328928CA70046619D /* AGHardwallModule.swift */; };
		CE1120D728928CA70046619D /* Main.storyboard in Resources */ = {isa = PBXBuildFile; fileRef = CE1120D528928CA70046619D /* Main.storyboard */; };
		CE1120D928928CAA0046619D /* Assets.xcassets in Resources */ = {isa = PBXBuildFile; fileRef = CE1120D828928CAA0046619D /* Assets.xcassets */; };
		CE1120DC28928CAA0046619D /* LaunchScreen.storyboard in Resources */ = {isa = PBXBuildFile; fileRef = CE1120DA28928CAA0046619D /* LaunchScreen.storyboard */; };
		CE1120E728928CAB0046619D /* G_StreamTests.swift in Sources */ = {isa = PBXBuildFile; fileRef = CE1120E628928CAB0046619D /* G_StreamTests.swift */; };
		CE1120F128928CAB0046619D /* G_StreamUITests.swift in Sources */ = {isa = PBXBuildFile; fileRef = CE1120F028928CAB0046619D /* G_StreamUITests.swift */; };
		CE1120F328928CAB0046619D /* G_StreamUITestsLaunchTests.swift in Sources */ = {isa = PBXBuildFile; fileRef = CE1120F228928CAB0046619D /* G_StreamUITestsLaunchTests.swift */; };
		CE11210A28928F370046619D /* AGAppConfiguration.swift in Sources */ = {isa = PBXBuildFile; fileRef = CE11210928928F370046619D /* AGAppConfiguration.swift */; };
		CE11210B28928F370046619D /* AGAppConfiguration.swift in Sources */ = {isa = PBXBuildFile; fileRef = CE11210928928F370046619D /* AGAppConfiguration.swift */; };
		CE11210C28928F370046619D /* AGAppConfiguration.swift in Sources */ = {isa = PBXBuildFile; fileRef = CE11210928928F370046619D /* AGAppConfiguration.swift */; };
/* End PBXBuildFile section */

/* Begin PBXContainerItemProxy section */
		CE1120E328928CAB0046619D /* PBXContainerItemProxy */ = {
			isa = PBXContainerItemProxy;
			containerPortal = CE1120C428928CA70046619D /* Project object */;
			proxyType = 1;
			remoteGlobalIDString = CE1120CB28928CA70046619D;
			remoteInfo = "G-Stream";
		};
		CE1120ED28928CAB0046619D /* PBXContainerItemProxy */ = {
			isa = PBXContainerItemProxy;
			containerPortal = CE1120C428928CA70046619D /* Project object */;
			proxyType = 1;
			remoteGlobalIDString = CE1120CB28928CA70046619D;
			remoteInfo = "G-Stream";
		};
/* End PBXContainerItemProxy section */

/* Begin PBXFileReference section */
		1F8EC3AB7E5367C460AC6C9C /* Pods-G-Stream.release.xcconfig */ = {isa = PBXFileReference; includeInIndex = 1; lastKnownFileType = text.xcconfig; name = "Pods-G-Stream.release.xcconfig"; path = "Target Support Files/Pods-G-Stream/Pods-G-Stream.release.xcconfig"; sourceTree = "<group>"; };
		27444AF3C351EF45BD8EE4C5 /* Pods_G_Stream.framework */ = {isa = PBXFileReference; explicitFileType = wrapper.framework; includeInIndex = 0; path = Pods_G_Stream.framework; sourceTree = BUILT_PRODUCTS_DIR; };
		6864730BC3FB27A465D4B934 /* Pods-G-StreamTests.release.xcconfig */ = {isa = PBXFileReference; includeInIndex = 1; lastKnownFileType = text.xcconfig; name = "Pods-G-StreamTests.release.xcconfig"; path = "Target Support Files/Pods-G-StreamTests/Pods-G-StreamTests.release.xcconfig"; sourceTree = "<group>"; };
		7FAE7D6C9ECB712051DACAC9 /* Pods_G_StreamTests.framework */ = {isa = PBXFileReference; explicitFileType = wrapper.framework; includeInIndex = 0; path = Pods_G_StreamTests.framework; sourceTree = BUILT_PRODUCTS_DIR; };
		8A06B2E2407172F78E64E5AB /* Pods-G-Stream.debug.xcconfig */ = {isa = PBXFileReference; includeInIndex = 1; lastKnownFileType = text.xcconfig; name = "Pods-G-Stream.debug.xcconfig"; path = "Target Support Files/Pods-G-Stream/Pods-G-Stream.debug.xcconfig"; sourceTree = "<group>"; };
		8C302B27DB79312A68A304AA /* Pods_G_Stream_G_StreamUITests.framework */ = {isa = PBXFileReference; explicitFileType = wrapper.framework; includeInIndex = 0; path = Pods_G_Stream_G_StreamUITests.framework; sourceTree = BUILT_PRODUCTS_DIR; };
		B355F852872EE7CFC0E4A9FC /* Pods-G-Stream-G-StreamUITests.release.xcconfig */ = {isa = PBXFileReference; includeInIndex = 1; lastKnownFileType = text.xcconfig; name = "Pods-G-Stream-G-StreamUITests.release.xcconfig"; path = "Target Support Files/Pods-G-Stream-G-StreamUITests/Pods-G-Stream-G-StreamUITests.release.xcconfig"; sourceTree = "<group>"; };
		BE535B422C8158224F951AAD /* Pods-G-StreamTests.debug.xcconfig */ = {isa = PBXFileReference; includeInIndex = 1; lastKnownFileType = text.xcconfig; name = "Pods-G-StreamTests.debug.xcconfig"; path = "Target Support Files/Pods-G-StreamTests/Pods-G-StreamTests.debug.xcconfig"; sourceTree = "<group>"; };
		CE1120CC28928CA70046619D /* G-Stream.app */ = {isa = PBXFileReference; explicitFileType = wrapper.application; includeInIndex = 0; path = "G-Stream.app"; sourceTree = BUILT_PRODUCTS_DIR; };
		CE1120CF28928CA70046619D /* AppDelegate.swift */ = {isa = PBXFileReference; lastKnownFileType = sourcecode.swift; path = AppDelegate.swift; sourceTree = "<group>"; };
		CE1120D128928CA70046619D /* SceneDelegate.swift */ = {isa = PBXFileReference; lastKnownFileType = sourcecode.swift; path = SceneDelegate.swift; sourceTree = "<group>"; };
		CE1120D328928CA70046619D /* AGHardwallModule.swift */ = {isa = PBXFileReference; lastKnownFileType = sourcecode.swift; path = AGHardwallModule.swift; sourceTree = "<group>"; };
		CE1120D628928CA70046619D /* Base */ = {isa = PBXFileReference; lastKnownFileType = file.storyboard; name = Base; path = Base.lproj/Main.storyboard; sourceTree = "<group>"; };
		CE1120D828928CAA0046619D /* Assets.xcassets */ = {isa = PBXFileReference; lastKnownFileType = folder.assetcatalog; path = Assets.xcassets; sourceTree = "<group>"; };
		CE1120DB28928CAA0046619D /* Base */ = {isa = PBXFileReference; lastKnownFileType = file.storyboard; name = Base; path = Base.lproj/LaunchScreen.storyboard; sourceTree = "<group>"; };
		CE1120DD28928CAA0046619D /* Info.plist */ = {isa = PBXFileReference; lastKnownFileType = text.plist.xml; path = Info.plist; sourceTree = "<group>"; };
		CE1120E228928CAB0046619D /* G-StreamTests.xctest */ = {isa = PBXFileReference; explicitFileType = wrapper.cfbundle; includeInIndex = 0; path = "G-StreamTests.xctest"; sourceTree = BUILT_PRODUCTS_DIR; };
		CE1120E628928CAB0046619D /* G_StreamTests.swift */ = {isa = PBXFileReference; lastKnownFileType = sourcecode.swift; path = G_StreamTests.swift; sourceTree = "<group>"; };
		CE1120EC28928CAB0046619D /* G-StreamUITests.xctest */ = {isa = PBXFileReference; explicitFileType = wrapper.cfbundle; includeInIndex = 0; path = "G-StreamUITests.xctest"; sourceTree = BUILT_PRODUCTS_DIR; };
		CE1120F028928CAB0046619D /* G_StreamUITests.swift */ = {isa = PBXFileReference; lastKnownFileType = sourcecode.swift; path = G_StreamUITests.swift; sourceTree = "<group>"; };
		CE1120F228928CAB0046619D /* G_StreamUITestsLaunchTests.swift */ = {isa = PBXFileReference; lastKnownFileType = sourcecode.swift; path = G_StreamUITestsLaunchTests.swift; sourceTree = "<group>"; };
		CE11210928928F370046619D /* AGAppConfiguration.swift */ = {isa = PBXFileReference; lastKnownFileType = sourcecode.swift; path = AGAppConfiguration.swift; sourceTree = "<group>"; };
		E7E2F9EC0FF2C7ED9E1C4B8F /* Pods-G-Stream-G-StreamUITests.debug.xcconfig */ = {isa = PBXFileReference; includeInIndex = 1; lastKnownFileType = text.xcconfig; name = "Pods-G-Stream-G-StreamUITests.debug.xcconfig"; path = "Target Support Files/Pods-G-Stream-G-StreamUITests/Pods-G-Stream-G-StreamUITests.debug.xcconfig"; sourceTree = "<group>"; };
/* End PBXFileReference section */

/* Begin PBXFrameworksBuildPhase section */
		CE1120C928928CA70046619D /* Frameworks */ = {
			isa = PBXFrameworksBuildPhase;
			buildActionMask = 2147483647;
			files = (
				8BC25AFBF51A42E81751A51F /* Pods_G_Stream.framework in Frameworks */,
			);
			runOnlyForDeploymentPostprocessing = 0;
		};
		CE1120DF28928CAB0046619D /* Frameworks */ = {
			isa = PBXFrameworksBuildPhase;
			buildActionMask = 2147483647;
			files = (
				5CA0AF6B8A372CC5661A1392 /* Pods_G_StreamTests.framework in Frameworks */,
			);
			runOnlyForDeploymentPostprocessing = 0;
		};
		CE1120E928928CAB0046619D /* Frameworks */ = {
			isa = PBXFrameworksBuildPhase;
			buildActionMask = 2147483647;
			files = (
				89855AA55ED004FE64B95E95 /* Pods_G_Stream_G_StreamUITests.framework in Frameworks */,
			);
			runOnlyForDeploymentPostprocessing = 0;
		};
/* End PBXFrameworksBuildPhase section */

/* Begin PBXGroup section */
		522744735C41735E7A691AA3 /* Frameworks */ = {
			isa = PBXGroup;
			children = (
				27444AF3C351EF45BD8EE4C5 /* Pods_G_Stream.framework */,
				8C302B27DB79312A68A304AA /* Pods_G_Stream_G_StreamUITests.framework */,
				7FAE7D6C9ECB712051DACAC9 /* Pods_G_StreamTests.framework */,
			);
			name = Frameworks;
			sourceTree = "<group>";
		};
		85A64DCF39BD016CB00961AF /* Pods */ = {
			isa = PBXGroup;
			children = (
				8A06B2E2407172F78E64E5AB /* Pods-G-Stream.debug.xcconfig */,
				1F8EC3AB7E5367C460AC6C9C /* Pods-G-Stream.release.xcconfig */,
				E7E2F9EC0FF2C7ED9E1C4B8F /* Pods-G-Stream-G-StreamUITests.debug.xcconfig */,
				B355F852872EE7CFC0E4A9FC /* Pods-G-Stream-G-StreamUITests.release.xcconfig */,
				BE535B422C8158224F951AAD /* Pods-G-StreamTests.debug.xcconfig */,
				6864730BC3FB27A465D4B934 /* Pods-G-StreamTests.release.xcconfig */,
			);
			path = Pods;
			sourceTree = "<group>";
		};
		CE1120C328928CA70046619D = {
			isa = PBXGroup;
			children = (
				CE1120CE28928CA70046619D /* G-Stream */,
				CE1120E528928CAB0046619D /* G-StreamTests */,
				CE1120EF28928CAB0046619D /* G-StreamUITests */,
				CE1120CD28928CA70046619D /* Products */,
				85A64DCF39BD016CB00961AF /* Pods */,
				522744735C41735E7A691AA3 /* Frameworks */,
			);
			sourceTree = "<group>";
		};
		CE1120CD28928CA70046619D /* Products */ = {
			isa = PBXGroup;
			children = (
				CE1120CC28928CA70046619D /* G-Stream.app */,
				CE1120E228928CAB0046619D /* G-StreamTests.xctest */,
				CE1120EC28928CAB0046619D /* G-StreamUITests.xctest */,
			);
			name = Products;
			sourceTree = "<group>";
		};
		CE1120CE28928CA70046619D /* G-Stream */ = {
			isa = PBXGroup;
			children = (
				CE1120FF28928E290046619D /* Application */,
				CE11210028928E5F0046619D /* Data */,
				CE11210128928E6D0046619D /* Utils */,
				CE11210228928E760046619D /* Domain */,
				CE11210328928E7D0046619D /* Business */,
				CE11210428928E860046619D /* PresentationModules */,
				CE11210528928E970046619D /* CustomViews */,
				CE11210628928EA40046619D /* Resources */,
				CE11210728928EB20046619D /* CustomTypes */,
				CE1120DD28928CAA0046619D /* Info.plist */,
				CE1120D828928CAA0046619D /* Assets.xcassets */,
				CE11210E28929A260046619D /* Storyboards */,
			);
			path = "G-Stream";
			sourceTree = "<group>";
		};
		CE1120E528928CAB0046619D /* G-StreamTests */ = {
			isa = PBXGroup;
			children = (
				CE1120E628928CAB0046619D /* G_StreamTests.swift */,
			);
			path = "G-StreamTests";
			sourceTree = "<group>";
		};
		CE1120EF28928CAB0046619D /* G-StreamUITests */ = {
			isa = PBXGroup;
			children = (
				CE1120F028928CAB0046619D /* G_StreamUITests.swift */,
				CE1120F228928CAB0046619D /* G_StreamUITestsLaunchTests.swift */,
			);
			path = "G-StreamUITests";
			sourceTree = "<group>";
		};
		CE1120FF28928E290046619D /* Application */ = {
			isa = PBXGroup;
			children = (
				CE11210D289299E30046619D /* AppDelegate */,
				CE11210828928F060046619D /* AppConfiguration */,
			);
			path = Application;
			sourceTree = "<group>";
		};
		CE11210028928E5F0046619D /* Data */ = {
			isa = PBXGroup;
			children = (
			);
			path = Data;
			sourceTree = "<group>";
		};
		CE11210128928E6D0046619D /* Utils */ = {
			isa = PBXGroup;
			children = (
			);
			path = Utils;
			sourceTree = "<group>";
		};
		CE11210228928E760046619D /* Domain */ = {
			isa = PBXGroup;
			children = (
			);
			path = Domain;
			sourceTree = "<group>";
		};
		CE11210328928E7D0046619D /* Business */ = {
			isa = PBXGroup;
			children = (
			);
			path = Business;
			sourceTree = "<group>";
		};
		CE11210428928E860046619D /* PresentationModules */ = {
			isa = PBXGroup;
			children = (
				CE11210F28929B390046619D /* HardwallModule */,
			);
			path = PresentationModules;
			sourceTree = "<group>";
		};
		CE11210528928E970046619D /* CustomViews */ = {
			isa = PBXGroup;
			children = (
			);
			path = CustomViews;
			sourceTree = "<group>";
		};
		CE11210628928EA40046619D /* Resources */ = {
			isa = PBXGroup;
			children = (
			);
			path = Resources;
			sourceTree = "<group>";
		};
		CE11210728928EB20046619D /* CustomTypes */ = {
			isa = PBXGroup;
			children = (
			);
			path = CustomTypes;
			sourceTree = "<group>";
		};
		CE11210828928F060046619D /* AppConfiguration */ = {
			isa = PBXGroup;
			children = (
				CE11210928928F370046619D /* AGAppConfiguration.swift */,
			);
			path = AppConfiguration;
			sourceTree = "<group>";
		};
		CE11210D289299E30046619D /* AppDelegate */ = {
			isa = PBXGroup;
			children = (
				CE1120D128928CA70046619D /* SceneDelegate.swift */,
				CE1120CF28928CA70046619D /* AppDelegate.swift */,
			);
			path = AppDelegate;
			sourceTree = "<group>";
		};
		CE11210E28929A260046619D /* Storyboards */ = {
			isa = PBXGroup;
			children = (
				CE1120D528928CA70046619D /* Main.storyboard */,
				CE1120DA28928CAA0046619D /* LaunchScreen.storyboard */,
			);
			path = Storyboards;
			sourceTree = "<group>";
		};
		CE11210F28929B390046619D /* HardwallModule */ = {
			isa = PBXGroup;
			children = (
				CE1120D328928CA70046619D /* AGHardwallModule.swift */,
			);
			path = HardwallModule;
			sourceTree = "<group>";
		};
/* End PBXGroup section */

/* Begin PBXNativeTarget section */
		CE1120CB28928CA70046619D /* G-Stream */ = {
			isa = PBXNativeTarget;
			buildConfigurationList = CE1120F628928CAB0046619D /* Build configuration list for PBXNativeTarget "G-Stream" */;
			buildPhases = (
				B68B0BF5CE90BC97D1DF7412 /* [CP] Check Pods Manifest.lock */,
				CE1120C828928CA70046619D /* Sources */,
				CE1120C928928CA70046619D /* Frameworks */,
				CE1120CA28928CA70046619D /* Resources */,
				0C30EC38EFE05084A41655C6 /* [CP] Embed Pods Frameworks */,
			);
			buildRules = (
			);
			dependencies = (
			);
			name = "G-Stream";
			productName = "G-Stream";
			productReference = CE1120CC28928CA70046619D /* G-Stream.app */;
			productType = "com.apple.product-type.application";
		};
		CE1120E128928CAB0046619D /* G-StreamTests */ = {
			isa = PBXNativeTarget;
			buildConfigurationList = CE1120F928928CAB0046619D /* Build configuration list for PBXNativeTarget "G-StreamTests" */;
			buildPhases = (
				1356436CFA43FF8963A35BC1 /* [CP] Check Pods Manifest.lock */,
				CE1120DE28928CAB0046619D /* Sources */,
				CE1120DF28928CAB0046619D /* Frameworks */,
				CE1120E028928CAB0046619D /* Resources */,
				410E444122936A4E103A6C8F /* [CP] Embed Pods Frameworks */,
			);
			buildRules = (
			);
			dependencies = (
				CE1120E428928CAB0046619D /* PBXTargetDependency */,
			);
			name = "G-StreamTests";
			productName = "G-StreamTests";
			productReference = CE1120E228928CAB0046619D /* G-StreamTests.xctest */;
			productType = "com.apple.product-type.bundle.unit-test";
		};
		CE1120EB28928CAB0046619D /* G-StreamUITests */ = {
			isa = PBXNativeTarget;
			buildConfigurationList = CE1120FC28928CAB0046619D /* Build configuration list for PBXNativeTarget "G-StreamUITests" */;
			buildPhases = (
				20C8C0E9C4F723B7DB8B5BF0 /* [CP] Check Pods Manifest.lock */,
				CE1120E828928CAB0046619D /* Sources */,
				CE1120E928928CAB0046619D /* Frameworks */,
				CE1120EA28928CAB0046619D /* Resources */,
				C3763E135B05D068C903B3DD /* [CP] Embed Pods Frameworks */,
			);
			buildRules = (
			);
			dependencies = (
				CE1120EE28928CAB0046619D /* PBXTargetDependency */,
			);
			name = "G-StreamUITests";
			productName = "G-StreamUITests";
			productReference = CE1120EC28928CAB0046619D /* G-StreamUITests.xctest */;
			productType = "com.apple.product-type.bundle.ui-testing";
		};
/* End PBXNativeTarget section */

/* Begin PBXProject section */
		CE1120C428928CA70046619D /* Project object */ = {
			isa = PBXProject;
			attributes = {
				BuildIndependentTargetsInParallel = 1;
				CLASSPREFIX = AG;
				LastSwiftUpdateCheck = 1340;
				LastUpgradeCheck = 1340;
				ORGANIZATIONNAME = "G-Stream";
				TargetAttributes = {
					CE1120CB28928CA70046619D = {
						CreatedOnToolsVersion = 13.4.1;
					};
					CE1120E128928CAB0046619D = {
						CreatedOnToolsVersion = 13.4.1;
						TestTargetID = CE1120CB28928CA70046619D;
					};
					CE1120EB28928CAB0046619D = {
						CreatedOnToolsVersion = 13.4.1;
						TestTargetID = CE1120CB28928CA70046619D;
					};
				};
			};
			buildConfigurationList = CE1120C728928CA70046619D /* Build configuration list for PBXProject "G-Stream" */;
			compatibilityVersion = "Xcode 13.0";
			developmentRegion = en;
			hasScannedForEncodings = 0;
			knownRegions = (
				en,
				Base,
			);
			mainGroup = CE1120C328928CA70046619D;
			productRefGroup = CE1120CD28928CA70046619D /* Products */;
			projectDirPath = "";
			projectRoot = "";
			targets = (
				CE1120CB28928CA70046619D /* G-Stream */,
				CE1120E128928CAB0046619D /* G-StreamTests */,
				CE1120EB28928CAB0046619D /* G-StreamUITests */,
			);
		};
/* End PBXProject section */

/* Begin PBXResourcesBuildPhase section */
		CE1120CA28928CA70046619D /* Resources */ = {
			isa = PBXResourcesBuildPhase;
			buildActionMask = 2147483647;
			files = (
				CE1120DC28928CAA0046619D /* LaunchScreen.storyboard in Resources */,
				CE1120D928928CAA0046619D /* Assets.xcassets in Resources */,
				CE1120D728928CA70046619D /* Main.storyboard in Resources */,
			);
			runOnlyForDeploymentPostprocessing = 0;
		};
		CE1120E028928CAB0046619D /* Resources */ = {
			isa = PBXResourcesBuildPhase;
			buildActionMask = 2147483647;
			files = (
			);
			runOnlyForDeploymentPostprocessing = 0;
		};
		CE1120EA28928CAB0046619D /* Resources */ = {
			isa = PBXResourcesBuildPhase;
			buildActionMask = 2147483647;
			files = (
			);
			runOnlyForDeploymentPostprocessing = 0;
		};
/* End PBXResourcesBuildPhase section */

/* Begin PBXShellScriptBuildPhase section */
		0C30EC38EFE05084A41655C6 /* [CP] Embed Pods Frameworks */ = {
			isa = PBXShellScriptBuildPhase;
			buildActionMask = 2147483647;
			files = (
			);
			inputFileListPaths = (
				"${PODS_ROOT}/Target Support Files/Pods-G-Stream/Pods-G-Stream-frameworks-${CONFIGURATION}-input-files.xcfilelist",
			);
			name = "[CP] Embed Pods Frameworks";
			outputFileListPaths = (
				"${PODS_ROOT}/Target Support Files/Pods-G-Stream/Pods-G-Stream-frameworks-${CONFIGURATION}-output-files.xcfilelist",
			);
			runOnlyForDeploymentPostprocessing = 0;
			shellPath = /bin/sh;
			shellScript = "\"${PODS_ROOT}/Target Support Files/Pods-G-Stream/Pods-G-Stream-frameworks.sh\"\n";
			showEnvVarsInLog = 0;
		};
		1356436CFA43FF8963A35BC1 /* [CP] Check Pods Manifest.lock */ = {
			isa = PBXShellScriptBuildPhase;
			buildActionMask = 2147483647;
			files = (
			);
			inputFileListPaths = (
			);
			inputPaths = (
				"${PODS_PODFILE_DIR_PATH}/Podfile.lock",
				"${PODS_ROOT}/Manifest.lock",
			);
			name = "[CP] Check Pods Manifest.lock";
			outputFileListPaths = (
			);
			outputPaths = (
				"$(DERIVED_FILE_DIR)/Pods-G-StreamTests-checkManifestLockResult.txt",
			);
			runOnlyForDeploymentPostprocessing = 0;
			shellPath = /bin/sh;
			shellScript = "diff \"${PODS_PODFILE_DIR_PATH}/Podfile.lock\" \"${PODS_ROOT}/Manifest.lock\" > /dev/null\nif [ $? != 0 ] ; then\n    # print error to STDERR\n    echo \"error: The sandbox is not in sync with the Podfile.lock. Run 'pod install' or update your CocoaPods installation.\" >&2\n    exit 1\nfi\n# This output is used by Xcode 'outputs' to avoid re-running this script phase.\necho \"SUCCESS\" > \"${SCRIPT_OUTPUT_FILE_0}\"\n";
			showEnvVarsInLog = 0;
		};
		20C8C0E9C4F723B7DB8B5BF0 /* [CP] Check Pods Manifest.lock */ = {
			isa = PBXShellScriptBuildPhase;
			buildActionMask = 2147483647;
			files = (
			);
			inputFileListPaths = (
			);
			inputPaths = (
				"${PODS_PODFILE_DIR_PATH}/Podfile.lock",
				"${PODS_ROOT}/Manifest.lock",
			);
			name = "[CP] Check Pods Manifest.lock";
			outputFileListPaths = (
			);
			outputPaths = (
				"$(DERIVED_FILE_DIR)/Pods-G-Stream-G-StreamUITests-checkManifestLockResult.txt",
			);
			runOnlyForDeploymentPostprocessing = 0;
			shellPath = /bin/sh;
			shellScript = "diff \"${PODS_PODFILE_DIR_PATH}/Podfile.lock\" \"${PODS_ROOT}/Manifest.lock\" > /dev/null\nif [ $? != 0 ] ; then\n    # print error to STDERR\n    echo \"error: The sandbox is not in sync with the Podfile.lock. Run 'pod install' or update your CocoaPods installation.\" >&2\n    exit 1\nfi\n# This output is used by Xcode 'outputs' to avoid re-running this script phase.\necho \"SUCCESS\" > \"${SCRIPT_OUTPUT_FILE_0}\"\n";
			showEnvVarsInLog = 0;
		};
		410E444122936A4E103A6C8F /* [CP] Embed Pods Frameworks */ = {
			isa = PBXShellScriptBuildPhase;
			buildActionMask = 2147483647;
			files = (
			);
			inputFileListPaths = (
				"${PODS_ROOT}/Target Support Files/Pods-G-StreamTests/Pods-G-StreamTests-frameworks-${CONFIGURATION}-input-files.xcfilelist",
			);
			name = "[CP] Embed Pods Frameworks";
			outputFileListPaths = (
				"${PODS_ROOT}/Target Support Files/Pods-G-StreamTests/Pods-G-StreamTests-frameworks-${CONFIGURATION}-output-files.xcfilelist",
			);
			runOnlyForDeploymentPostprocessing = 0;
			shellPath = /bin/sh;
			shellScript = "\"${PODS_ROOT}/Target Support Files/Pods-G-StreamTests/Pods-G-StreamTests-frameworks.sh\"\n";
			showEnvVarsInLog = 0;
		};
		B68B0BF5CE90BC97D1DF7412 /* [CP] Check Pods Manifest.lock */ = {
			isa = PBXShellScriptBuildPhase;
			buildActionMask = 2147483647;
			files = (
			);
			inputFileListPaths = (
			);
			inputPaths = (
				"${PODS_PODFILE_DIR_PATH}/Podfile.lock",
				"${PODS_ROOT}/Manifest.lock",
			);
			name = "[CP] Check Pods Manifest.lock";
			outputFileListPaths = (
			);
			outputPaths = (
				"$(DERIVED_FILE_DIR)/Pods-G-Stream-checkManifestLockResult.txt",
			);
			runOnlyForDeploymentPostprocessing = 0;
			shellPath = /bin/sh;
			shellScript = "diff \"${PODS_PODFILE_DIR_PATH}/Podfile.lock\" \"${PODS_ROOT}/Manifest.lock\" > /dev/null\nif [ $? != 0 ] ; then\n    # print error to STDERR\n    echo \"error: The sandbox is not in sync with the Podfile.lock. Run 'pod install' or update your CocoaPods installation.\" >&2\n    exit 1\nfi\n# This output is used by Xcode 'outputs' to avoid re-running this script phase.\necho \"SUCCESS\" > \"${SCRIPT_OUTPUT_FILE_0}\"\n";
			showEnvVarsInLog = 0;
		};
		C3763E135B05D068C903B3DD /* [CP] Embed Pods Frameworks */ = {
			isa = PBXShellScriptBuildPhase;
			buildActionMask = 2147483647;
			files = (
			);
			inputFileListPaths = (
				"${PODS_ROOT}/Target Support Files/Pods-G-Stream-G-StreamUITests/Pods-G-Stream-G-StreamUITests-frameworks-${CONFIGURATION}-input-files.xcfilelist",
			);
			name = "[CP] Embed Pods Frameworks";
			outputFileListPaths = (
				"${PODS_ROOT}/Target Support Files/Pods-G-Stream-G-StreamUITests/Pods-G-Stream-G-StreamUITests-frameworks-${CONFIGURATION}-output-files.xcfilelist",
			);
			runOnlyForDeploymentPostprocessing = 0;
			shellPath = /bin/sh;
			shellScript = "\"${PODS_ROOT}/Target Support Files/Pods-G-Stream-G-StreamUITests/Pods-G-Stream-G-StreamUITests-frameworks.sh\"\n";
			showEnvVarsInLog = 0;
		};
/* End PBXShellScriptBuildPhase section */

/* Begin PBXSourcesBuildPhase section */
		CE1120C828928CA70046619D /* Sources */ = {
			isa = PBXSourcesBuildPhase;
			buildActionMask = 2147483647;
			files = (
				CE1120D428928CA70046619D /* AGHardwallModule.swift in Sources */,
				CE1120D028928CA70046619D /* AppDelegate.swift in Sources */,
				CE11210A28928F370046619D /* AGAppConfiguration.swift in Sources */,
				CE1120D228928CA70046619D /* SceneDelegate.swift in Sources */,
			);
			runOnlyForDeploymentPostprocessing = 0;
		};
		CE1120DE28928CAB0046619D /* Sources */ = {
			isa = PBXSourcesBuildPhase;
			buildActionMask = 2147483647;
			files = (
				CE11210B28928F370046619D /* AGAppConfiguration.swift in Sources */,
				CE1120E728928CAB0046619D /* G_StreamTests.swift in Sources */,
			);
			runOnlyForDeploymentPostprocessing = 0;
		};
		CE1120E828928CAB0046619D /* Sources */ = {
			isa = PBXSourcesBuildPhase;
			buildActionMask = 2147483647;
			files = (
				CE11210C28928F370046619D /* AGAppConfiguration.swift in Sources */,
				CE1120F328928CAB0046619D /* G_StreamUITestsLaunchTests.swift in Sources */,
				CE1120F128928CAB0046619D /* G_StreamUITests.swift in Sources */,
			);
			runOnlyForDeploymentPostprocessing = 0;
		};
/* End PBXSourcesBuildPhase section */

/* Begin PBXTargetDependency section */
		CE1120E428928CAB0046619D /* PBXTargetDependency */ = {
			isa = PBXTargetDependency;
			target = CE1120CB28928CA70046619D /* G-Stream */;
			targetProxy = CE1120E328928CAB0046619D /* PBXContainerItemProxy */;
		};
		CE1120EE28928CAB0046619D /* PBXTargetDependency */ = {
			isa = PBXTargetDependency;
			target = CE1120CB28928CA70046619D /* G-Stream */;
			targetProxy = CE1120ED28928CAB0046619D /* PBXContainerItemProxy */;
		};
/* End PBXTargetDependency section */

/* Begin PBXVariantGroup section */
		CE1120D528928CA70046619D /* Main.storyboard */ = {
			isa = PBXVariantGroup;
			children = (
				CE1120D628928CA70046619D /* Base */,
			);
			name = Main.storyboard;
			sourceTree = "<group>";
		};
		CE1120DA28928CAA0046619D /* LaunchScreen.storyboard */ = {
			isa = PBXVariantGroup;
			children = (
				CE1120DB28928CAA0046619D /* Base */,
			);
			name = LaunchScreen.storyboard;
			sourceTree = "<group>";
		};
/* End PBXVariantGroup section */

/* Begin XCBuildConfiguration section */
		CE1120F428928CAB0046619D /* Debug */ = {
			isa = XCBuildConfiguration;
			buildSettings = {
				ALWAYS_SEARCH_USER_PATHS = NO;
				CLANG_ANALYZER_NONNULL = YES;
				CLANG_ANALYZER_NUMBER_OBJECT_CONVERSION = YES_AGGRESSIVE;
				CLANG_CXX_LANGUAGE_STANDARD = "gnu++17";
				CLANG_ENABLE_MODULES = YES;
				CLANG_ENABLE_OBJC_ARC = YES;
				CLANG_ENABLE_OBJC_WEAK = YES;
				CLANG_WARN_BLOCK_CAPTURE_AUTORELEASING = YES;
				CLANG_WARN_BOOL_CONVERSION = YES;
				CLANG_WARN_COMMA = YES;
				CLANG_WARN_CONSTANT_CONVERSION = YES;
				CLANG_WARN_DEPRECATED_OBJC_IMPLEMENTATIONS = YES;
				CLANG_WARN_DIRECT_OBJC_ISA_USAGE = YES_ERROR;
				CLANG_WARN_DOCUMENTATION_COMMENTS = YES;
				CLANG_WARN_EMPTY_BODY = YES;
				CLANG_WARN_ENUM_CONVERSION = YES;
				CLANG_WARN_INFINITE_RECURSION = YES;
				CLANG_WARN_INT_CONVERSION = YES;
				CLANG_WARN_NON_LITERAL_NULL_CONVERSION = YES;
				CLANG_WARN_OBJC_IMPLICIT_RETAIN_SELF = YES;
				CLANG_WARN_OBJC_LITERAL_CONVERSION = YES;
				CLANG_WARN_OBJC_ROOT_CLASS = YES_ERROR;
				CLANG_WARN_QUOTED_INCLUDE_IN_FRAMEWORK_HEADER = YES;
				CLANG_WARN_RANGE_LOOP_ANALYSIS = YES;
				CLANG_WARN_STRICT_PROTOTYPES = YES;
				CLANG_WARN_SUSPICIOUS_MOVE = YES;
				CLANG_WARN_UNGUARDED_AVAILABILITY = YES_AGGRESSIVE;
				CLANG_WARN_UNREACHABLE_CODE = YES;
				CLANG_WARN__DUPLICATE_METHOD_MATCH = YES;
				COPY_PHASE_STRIP = NO;
				DEBUG_INFORMATION_FORMAT = dwarf;
				ENABLE_STRICT_OBJC_MSGSEND = YES;
				ENABLE_TESTABILITY = YES;
				GCC_C_LANGUAGE_STANDARD = gnu11;
				GCC_DYNAMIC_NO_PIC = NO;
				GCC_NO_COMMON_BLOCKS = YES;
				GCC_OPTIMIZATION_LEVEL = 0;
				GCC_PREPROCESSOR_DEFINITIONS = (
					"DEBUG=1",
					"$(inherited)",
				);
				GCC_WARN_64_TO_32_BIT_CONVERSION = YES;
				GCC_WARN_ABOUT_RETURN_TYPE = YES_ERROR;
				GCC_WARN_UNDECLARED_SELECTOR = YES;
				GCC_WARN_UNINITIALIZED_AUTOS = YES_AGGRESSIVE;
				GCC_WARN_UNUSED_FUNCTION = YES;
				GCC_WARN_UNUSED_VARIABLE = YES;
				IPHONEOS_DEPLOYMENT_TARGET = 15.5;
				MTL_ENABLE_DEBUG_INFO = INCLUDE_SOURCE;
				MTL_FAST_MATH = YES;
				ONLY_ACTIVE_ARCH = YES;
				SDKROOT = iphoneos;
				SWIFT_ACTIVE_COMPILATION_CONDITIONS = DEBUG;
				SWIFT_OPTIMIZATION_LEVEL = "-Onone";
			};
			name = Debug;
		};
		CE1120F528928CAB0046619D /* Release */ = {
			isa = XCBuildConfiguration;
			buildSettings = {
				ALWAYS_SEARCH_USER_PATHS = NO;
				CLANG_ANALYZER_NONNULL = YES;
				CLANG_ANALYZER_NUMBER_OBJECT_CONVERSION = YES_AGGRESSIVE;
				CLANG_CXX_LANGUAGE_STANDARD = "gnu++17";
				CLANG_ENABLE_MODULES = YES;
				CLANG_ENABLE_OBJC_ARC = YES;
				CLANG_ENABLE_OBJC_WEAK = YES;
				CLANG_WARN_BLOCK_CAPTURE_AUTORELEASING = YES;
				CLANG_WARN_BOOL_CONVERSION = YES;
				CLANG_WARN_COMMA = YES;
				CLANG_WARN_CONSTANT_CONVERSION = YES;
				CLANG_WARN_DEPRECATED_OBJC_IMPLEMENTATIONS = YES;
				CLANG_WARN_DIRECT_OBJC_ISA_USAGE = YES_ERROR;
				CLANG_WARN_DOCUMENTATION_COMMENTS = YES;
				CLANG_WARN_EMPTY_BODY = YES;
				CLANG_WARN_ENUM_CONVERSION = YES;
				CLANG_WARN_INFINITE_RECURSION = YES;
				CLANG_WARN_INT_CONVERSION = YES;
				CLANG_WARN_NON_LITERAL_NULL_CONVERSION = YES;
				CLANG_WARN_OBJC_IMPLICIT_RETAIN_SELF = YES;
				CLANG_WARN_OBJC_LITERAL_CONVERSION = YES;
				CLANG_WARN_OBJC_ROOT_CLASS = YES_ERROR;
				CLANG_WARN_QUOTED_INCLUDE_IN_FRAMEWORK_HEADER = YES;
				CLANG_WARN_RANGE_LOOP_ANALYSIS = YES;
				CLANG_WARN_STRICT_PROTOTYPES = YES;
				CLANG_WARN_SUSPICIOUS_MOVE = YES;
				CLANG_WARN_UNGUARDED_AVAILABILITY = YES_AGGRESSIVE;
				CLANG_WARN_UNREACHABLE_CODE = YES;
				CLANG_WARN__DUPLICATE_METHOD_MATCH = YES;
				COPY_PHASE_STRIP = NO;
				DEBUG_INFORMATION_FORMAT = "dwarf-with-dsym";
				ENABLE_NS_ASSERTIONS = NO;
				ENABLE_STRICT_OBJC_MSGSEND = YES;
				GCC_C_LANGUAGE_STANDARD = gnu11;
				GCC_NO_COMMON_BLOCKS = YES;
				GCC_WARN_64_TO_32_BIT_CONVERSION = YES;
				GCC_WARN_ABOUT_RETURN_TYPE = YES_ERROR;
				GCC_WARN_UNDECLARED_SELECTOR = YES;
				GCC_WARN_UNINITIALIZED_AUTOS = YES_AGGRESSIVE;
				GCC_WARN_UNUSED_FUNCTION = YES;
				GCC_WARN_UNUSED_VARIABLE = YES;
				IPHONEOS_DEPLOYMENT_TARGET = 15.5;
				MTL_ENABLE_DEBUG_INFO = NO;
				MTL_FAST_MATH = YES;
				SDKROOT = iphoneos;
				SWIFT_COMPILATION_MODE = wholemodule;
				SWIFT_OPTIMIZATION_LEVEL = "-O";
				VALIDATE_PRODUCT = YES;
			};
			name = Release;
		};
		CE1120F728928CAB0046619D /* Debug */ = {
			isa = XCBuildConfiguration;
			baseConfigurationReference = 8A06B2E2407172F78E64E5AB /* Pods-G-Stream.debug.xcconfig */;
			buildSettings = {
				API_BASE_URL = "https://us-central1-dazn-sandbox.cloudfunctions.net/";
				ASSETCATALOG_COMPILER_APPICON_NAME = AppIcon;
				ASSETCATALOG_COMPILER_GLOBAL_ACCENT_COLOR_NAME = AccentColor;
				CODE_SIGN_STYLE = Automatic;
				CURRENT_PROJECT_VERSION = 1;
				DEVELOPMENT_TEAM = QF8UV7G7B5;
				GENERATE_INFOPLIST_FILE = YES;
				INFOPLIST_FILE = "G-Stream/Info.plist";
				INFOPLIST_KEY_UIApplicationSupportsIndirectInputEvents = YES;
				INFOPLIST_KEY_UILaunchStoryboardName = LaunchScreen;
				INFOPLIST_KEY_UIMainStoryboardFile = Main;
				INFOPLIST_KEY_UISupportedInterfaceOrientations_iPad = "UIInterfaceOrientationPortrait UIInterfaceOrientationPortraitUpsideDown UIInterfaceOrientationLandscapeLeft UIInterfaceOrientationLandscapeRight";
				INFOPLIST_KEY_UISupportedInterfaceOrientations_iPhone = "UIInterfaceOrientationPortrait UIInterfaceOrientationLandscapeLeft UIInterfaceOrientationLandscapeRight";
				LD_RUNPATH_SEARCH_PATHS = (
					"$(inherited)",
					"@executable_path/Frameworks",
				);
				MARKETING_VERSION = 1.0;
				PRODUCT_BUNDLE_IDENTIFIER = "com.wykeesoftsinc.g-stream";
				PRODUCT_NAME = "$(TARGET_NAME)";
				SWIFT_EMIT_LOC_STRINGS = YES;
				SWIFT_VERSION = 5.0;
				TARGETED_DEVICE_FAMILY = "1,2";
			};
			name = Debug;
		};
		CE1120F828928CAB0046619D /* Release */ = {
			isa = XCBuildConfiguration;
			baseConfigurationReference = 1F8EC3AB7E5367C460AC6C9C /* Pods-G-Stream.release.xcconfig */;
			buildSettings = {
				API_BASE_URL = "https://us-central1-dazn-sandbox.cloudfunctions.net/";
				ASSETCATALOG_COMPILER_APPICON_NAME = AppIcon;
				ASSETCATALOG_COMPILER_GLOBAL_ACCENT_COLOR_NAME = AccentColor;
				CODE_SIGN_STYLE = Automatic;
				CURRENT_PROJECT_VERSION = 1;
				DEVELOPMENT_TEAM = QF8UV7G7B5;
				GENERATE_INFOPLIST_FILE = YES;
				INFOPLIST_FILE = "G-Stream/Info.plist";
				INFOPLIST_KEY_UIApplicationSupportsIndirectInputEvents = YES;
				INFOPLIST_KEY_UILaunchStoryboardName = LaunchScreen;
				INFOPLIST_KEY_UIMainStoryboardFile = Main;
				INFOPLIST_KEY_UISupportedInterfaceOrientations_iPad = "UIInterfaceOrientationPortrait UIInterfaceOrientationPortraitUpsideDown UIInterfaceOrientationLandscapeLeft UIInterfaceOrientationLandscapeRight";
				INFOPLIST_KEY_UISupportedInterfaceOrientations_iPhone = "UIInterfaceOrientationPortrait UIInterfaceOrientationLandscapeLeft UIInterfaceOrientationLandscapeRight";
				LD_RUNPATH_SEARCH_PATHS = (
					"$(inherited)",
					"@executable_path/Frameworks",
				);
				MARKETING_VERSION = 1.0;
				PRODUCT_BUNDLE_IDENTIFIER = "com.wykeesoftsinc.g-stream";
				PRODUCT_NAME = "$(TARGET_NAME)";
				SWIFT_EMIT_LOC_STRINGS = YES;
				SWIFT_VERSION = 5.0;
				TARGETED_DEVICE_FAMILY = "1,2";
			};
			name = Release;
		};
		CE1120FA28928CAB0046619D /* Debug */ = {
			isa = XCBuildConfiguration;
			baseConfigurationReference = BE535B422C8158224F951AAD /* Pods-G-StreamTests.debug.xcconfig */;
			buildSettings = {
				ALWAYS_EMBED_SWIFT_STANDARD_LIBRARIES = YES;
				BUNDLE_LOADER = "$(TEST_HOST)";
				CODE_SIGN_STYLE = Automatic;
				CURRENT_PROJECT_VERSION = 1;
				DEVELOPMENT_TEAM = QF8UV7G7B5;
				GENERATE_INFOPLIST_FILE = YES;
				IPHONEOS_DEPLOYMENT_TARGET = 15.5;
				MARKETING_VERSION = 1.0;
				PRODUCT_BUNDLE_IDENTIFIER = "com.wykeesoftsinc.g-stream.G-StreamTests";
				PRODUCT_NAME = "$(TARGET_NAME)";
				SWIFT_EMIT_LOC_STRINGS = NO;
				SWIFT_VERSION = 5.0;
				TARGETED_DEVICE_FAMILY = "1,2";
				TEST_HOST = "$(BUILT_PRODUCTS_DIR)/G-Stream.app/G-Stream";
			};
			name = Debug;
		};
		CE1120FB28928CAB0046619D /* Release */ = {
			isa = XCBuildConfiguration;
			baseConfigurationReference = 6864730BC3FB27A465D4B934 /* Pods-G-StreamTests.release.xcconfig */;
			buildSettings = {
				ALWAYS_EMBED_SWIFT_STANDARD_LIBRARIES = YES;
				BUNDLE_LOADER = "$(TEST_HOST)";
				CODE_SIGN_STYLE = Automatic;
				CURRENT_PROJECT_VERSION = 1;
				DEVELOPMENT_TEAM = QF8UV7G7B5;
				GENERATE_INFOPLIST_FILE = YES;
				IPHONEOS_DEPLOYMENT_TARGET = 15.5;
				MARKETING_VERSION = 1.0;
				PRODUCT_BUNDLE_IDENTIFIER = "com.wykeesoftsinc.g-stream.G-StreamTests";
				PRODUCT_NAME = "$(TARGET_NAME)";
				SWIFT_EMIT_LOC_STRINGS = NO;
				SWIFT_VERSION = 5.0;
				TARGETED_DEVICE_FAMILY = "1,2";
				TEST_HOST = "$(BUILT_PRODUCTS_DIR)/G-Stream.app/G-Stream";
			};
			name = Release;
		};
		CE1120FD28928CAB0046619D /* Debug */ = {
			isa = XCBuildConfiguration;
			baseConfigurationReference = E7E2F9EC0FF2C7ED9E1C4B8F /* Pods-G-Stream-G-StreamUITests.debug.xcconfig */;
			buildSettings = {
				ALWAYS_EMBED_SWIFT_STANDARD_LIBRARIES = YES;
				CODE_SIGN_STYLE = Automatic;
				CURRENT_PROJECT_VERSION = 1;
				DEVELOPMENT_TEAM = QF8UV7G7B5;
				GENERATE_INFOPLIST_FILE = YES;
				MARKETING_VERSION = 1.0;
				PRODUCT_BUNDLE_IDENTIFIER = "com.wykeesoftsinc.g-stream.G-StreamUITests";
				PRODUCT_NAME = "$(TARGET_NAME)";
				SWIFT_EMIT_LOC_STRINGS = NO;
				SWIFT_VERSION = 5.0;
				TARGETED_DEVICE_FAMILY = "1,2";
				TEST_TARGET_NAME = "G-Stream";
			};
			name = Debug;
		};
		CE1120FE28928CAB0046619D /* Release */ = {
			isa = XCBuildConfiguration;
			baseConfigurationReference = B355F852872EE7CFC0E4A9FC /* Pods-G-Stream-G-StreamUITests.release.xcconfig */;
			buildSettings = {
				ALWAYS_EMBED_SWIFT_STANDARD_LIBRARIES = YES;
				CODE_SIGN_STYLE = Automatic;
				CURRENT_PROJECT_VERSION = 1;
				DEVELOPMENT_TEAM = QF8UV7G7B5;
				GENERATE_INFOPLIST_FILE = YES;
				MARKETING_VERSION = 1.0;
				PRODUCT_BUNDLE_IDENTIFIER = "com.wykeesoftsinc.g-stream.G-StreamUITests";
				PRODUCT_NAME = "$(TARGET_NAME)";
				SWIFT_EMIT_LOC_STRINGS = NO;
				SWIFT_VERSION = 5.0;
				TARGETED_DEVICE_FAMILY = "1,2";
				TEST_TARGET_NAME = "G-Stream";
			};
			name = Release;
		};
/* End XCBuildConfiguration section */

/* Begin XCConfigurationList section */
		CE1120C728928CA70046619D /* Build configuration list for PBXProject "G-Stream" */ = {
			isa = XCConfigurationList;
			buildConfigurations = (
				CE1120F428928CAB0046619D /* Debug */,
				CE1120F528928CAB0046619D /* Release */,
			);
			defaultConfigurationIsVisible = 0;
			defaultConfigurationName = Release;
		};
		CE1120F628928CAB0046619D /* Build configuration list for PBXNativeTarget "G-Stream" */ = {
			isa = XCConfigurationList;
			buildConfigurations = (
				CE1120F728928CAB0046619D /* Debug */,
				CE1120F828928CAB0046619D /* Release */,
			);
			defaultConfigurationIsVisible = 0;
			defaultConfigurationName = Release;
		};
		CE1120F928928CAB0046619D /* Build configuration list for PBXNativeTarget "G-StreamTests" */ = {
			isa = XCConfigurationList;
			buildConfigurations = (
				CE1120FA28928CAB0046619D /* Debug */,
				CE1120FB28928CAB0046619D /* Release */,
			);
			defaultConfigurationIsVisible = 0;
			defaultConfigurationName = Release;
		};
		CE1120FC28928CAB0046619D /* Build configuration list for PBXNativeTarget "G-StreamUITests" */ = {
			isa = XCConfigurationList;
			buildConfigurations = (
				CE1120FD28928CAB0046619D /* Debug */,
				CE1120FE28928CAB0046619D /* Release */,
			);
			defaultConfigurationIsVisible = 0;
			defaultConfigurationName = Release;
		};
/* End XCConfigurationList section */
	};
	rootObject = CE1120C428928CA70046619D /* Project object */;
}
